// !$*UTF8*$!
{
	archiveVersion = 1;
	classes = {
	};
	objectVersion = 55;
	objects = {

/* Begin PBXBuildFile section */
		A56C77702774ED8700900E3E /* swiftUI_weather_app_demoApp.swift in Sources */ = {isa = PBXBuildFile; fileRef = A56C776F2774ED8700900E3E /* swiftUI_weather_app_demoApp.swift */; };
		A56C77722774ED8700900E3E /* ContentView.swift in Sources */ = {isa = PBXBuildFile; fileRef = A56C77712774ED8700900E3E /* ContentView.swift */; };
		A56C77742774ED8A00900E3E /* Assets.xcassets in Resources */ = {isa = PBXBuildFile; fileRef = A56C77732774ED8A00900E3E /* Assets.xcassets */; };
		A56C77772774ED8A00900E3E /* Preview Assets.xcassets in Resources */ = {isa = PBXBuildFile; fileRef = A56C77762774ED8A00900E3E /* Preview Assets.xcassets */; };
		A56C77812774EF2B00900E3E /* pilgi-regular.ttf in Resources */ = {isa = PBXBuildFile; fileRef = A56C77802774EF2B00900E3E /* pilgi-regular.ttf */; };
		A56D464F280A915F00E6E4DC /* WeatherTableView.swift in Sources */ = {isa = PBXBuildFile; fileRef = A56D464E280A915E00E6E4DC /* WeatherTableView.swift */; };
		A56D4651280A928C00E6E4DC /* Weather.swift in Sources */ = {isa = PBXBuildFile; fileRef = A56D4650280A928C00E6E4DC /* Weather.swift */; };
		A56D4655280C00AC00E6E4DC /* JSONLoader.swift in Sources */ = {isa = PBXBuildFile; fileRef = A56D4654280C00AC00E6E4DC /* JSONLoader.swift */; };
		A56D4657280C010200E6E4DC /* weather.json in Resources */ = {isa = PBXBuildFile; fileRef = A56D4656280C010200E6E4DC /* weather.json */; };
		A56D465A280C937000E6E4DC /* WeatherTableViewCell.swift in Sources */ = {isa = PBXBuildFile; fileRef = A56D4659280C937000E6E4DC /* WeatherTableViewCell.swift */; };
		A5E26D79278593FF00F8E8CE /* WeatherSummaryView.swift in Sources */ = {isa = PBXBuildFile; fileRef = A5E26D78278593FF00F8E8CE /* WeatherSummaryView.swift */; };
/* End PBXBuildFile section */

/* Begin PBXFileReference section */
		A56C776C2774ED8700900E3E /* swiftUI-weather-app-demo.app */ = {isa = PBXFileReference; explicitFileType = wrapper.application; includeInIndex = 0; path = "swiftUI-weather-app-demo.app"; sourceTree = BUILT_PRODUCTS_DIR; };
		A56C776F2774ED8700900E3E /* swiftUI_weather_app_demoApp.swift */ = {isa = PBXFileReference; lastKnownFileType = sourcecode.swift; path = swiftUI_weather_app_demoApp.swift; sourceTree = "<group>"; };
		A56C77712774ED8700900E3E /* ContentView.swift */ = {isa = PBXFileReference; lastKnownFileType = sourcecode.swift; path = ContentView.swift; sourceTree = "<group>"; };
		A56C77732774ED8A00900E3E /* Assets.xcassets */ = {isa = PBXFileReference; lastKnownFileType = folder.assetcatalog; path = Assets.xcassets; sourceTree = "<group>"; };
		A56C77762774ED8A00900E3E /* Preview Assets.xcassets */ = {isa = PBXFileReference; lastKnownFileType = folder.assetcatalog; path = "Preview Assets.xcassets"; sourceTree = "<group>"; };
		A56C77802774EF2B00900E3E /* pilgi-regular.ttf */ = {isa = PBXFileReference; lastKnownFileType = file; path = "pilgi-regular.ttf"; sourceTree = "<group>"; };
		A56C77822774EF5400900E3E /* Info.plist */ = {isa = PBXFileReference; lastKnownFileType = text.plist.xml; path = Info.plist; sourceTree = "<group>"; };
		A56D464E280A915E00E6E4DC /* WeatherTableView.swift */ = {isa = PBXFileReference; lastKnownFileType = sourcecode.swift; path = WeatherTableView.swift; sourceTree = "<group>"; };
		A56D4650280A928C00E6E4DC /* Weather.swift */ = {isa = PBXFileReference; lastKnownFileType = sourcecode.swift; path = Weather.swift; sourceTree = "<group>"; };
		A56D4654280C00AC00E6E4DC /* JSONLoader.swift */ = {isa = PBXFileReference; lastKnownFileType = sourcecode.swift; path = JSONLoader.swift; sourceTree = "<group>"; };
		A56D4656280C010200E6E4DC /* weather.json */ = {isa = PBXFileReference; lastKnownFileType = text.json; path = weather.json; sourceTree = "<group>"; };
		A56D4659280C937000E6E4DC /* WeatherTableViewCell.swift */ = {isa = PBXFileReference; lastKnownFileType = sourcecode.swift; path = WeatherTableViewCell.swift; sourceTree = "<group>"; };
		A5E26D78278593FF00F8E8CE /* WeatherSummaryView.swift */ = {isa = PBXFileReference; lastKnownFileType = sourcecode.swift; path = WeatherSummaryView.swift; sourceTree = "<group>"; };
/* End PBXFileReference section */

/* Begin PBXFrameworksBuildPhase section */
		A56C77692774ED8700900E3E /* Frameworks */ = {
			isa = PBXFrameworksBuildPhase;
			buildActionMask = 2147483647;
			files = (
			);
			runOnlyForDeploymentPostprocessing = 0;
		};
/* End PBXFrameworksBuildPhase section */

/* Begin PBXGroup section */
		A56C77632774ED8700900E3E = {
			isa = PBXGroup;
			children = (
				A56C776E2774ED8700900E3E /* swiftUI-weather-app-demo */,
				A56C776D2774ED8700900E3E /* Products */,
			);
			sourceTree = "<group>";
		};
		A56C776D2774ED8700900E3E /* Products */ = {
			isa = PBXGroup;
			children = (
				A56C776C2774ED8700900E3E /* swiftUI-weather-app-demo.app */,
			);
			name = Products;
			sourceTree = "<group>";
		};
		A56C776E2774ED8700900E3E /* swiftUI-weather-app-demo */ = {
			isa = PBXGroup;
			children = (
				A56C77732774ED8A00900E3E /* Assets.xcassets */,
				A56C776F2774ED8700900E3E /* swiftUI_weather_app_demoApp.swift */,
				A56C77712774ED8700900E3E /* ContentView.swift */,
				A56D4652280BFA9A00E6E4DC /* Views */,
				A56D4653280BFAB400E6E4DC /* Models */,
				A56C777F2774EF1E00900E3E /* Resources */,
				A5E26D772785909300F8E8CE /* Supporting files */,
				A56C77752774ED8A00900E3E /* Preview Content */,
			);
			path = "swiftUI-weather-app-demo";
			sourceTree = "<group>";
		};
		A56C77752774ED8A00900E3E /* Preview Content */ = {
			isa = PBXGroup;
			children = (
				A56C77762774ED8A00900E3E /* Preview Assets.xcassets */,
			);
			path = "Preview Content";
			sourceTree = "<group>";
		};
		A56C777F2774EF1E00900E3E /* Resources */ = {
			isa = PBXGroup;
			children = (
				A56D4656280C010200E6E4DC /* weather.json */,
				A56C77802774EF2B00900E3E /* pilgi-regular.ttf */,
			);
			path = Resources;
			sourceTree = "<group>";
		};
		A56D4652280BFA9A00E6E4DC /* Views */ = {
			isa = PBXGroup;
			children = (
				A5E26D78278593FF00F8E8CE /* WeatherSummaryView.swift */,
				A56D464E280A915E00E6E4DC /* WeatherTableView.swift */,
				A56D4659280C937000E6E4DC /* WeatherTableViewCell.swift */,
			);
			path = Views;
			sourceTree = "<group>";
		};
		A56D4653280BFAB400E6E4DC /* Models */ = {
			isa = PBXGroup;
			children = (
				A56D4650280A928C00E6E4DC /* Weather.swift */,
				A56D4654280C00AC00E6E4DC /* JSONLoader.swift */,
			);
			path = Models;
			sourceTree = "<group>";
		};
		A5E26D772785909300F8E8CE /* Supporting files */ = {
			isa = PBXGroup;
			children = (
				A56C77822774EF5400900E3E /* Info.plist */,
			);
			path = "Supporting files";
			sourceTree = "<group>";
		};
/* End PBXGroup section */

/* Begin PBXNativeTarget section */
		A56C776B2774ED8700900E3E /* swiftUI-weather-app-demo */ = {
			isa = PBXNativeTarget;
			buildConfigurationList = A56C777A2774ED8A00900E3E /* Build configuration list for PBXNativeTarget "swiftUI-weather-app-demo" */;
			buildPhases = (
				A56C77682774ED8700900E3E /* Sources */,
				A56C77692774ED8700900E3E /* Frameworks */,
				A56C776A2774ED8700900E3E /* Resources */,
			);
			buildRules = (
			);
			dependencies = (
			);
			name = "swiftUI-weather-app-demo";
			productName = "swiftUI-weather-app-demo";
			productReference = A56C776C2774ED8700900E3E /* swiftUI-weather-app-demo.app */;
			productType = "com.apple.product-type.application";
		};
/* End PBXNativeTarget section */

/* Begin PBXProject section */
		A56C77642774ED8700900E3E /* Project object */ = {
			isa = PBXProject;
			attributes = {
				BuildIndependentTargetsInParallel = 1;
				LastSwiftUpdateCheck = 1320;
				LastUpgradeCheck = 1320;
				TargetAttributes = {
					A56C776B2774ED8700900E3E = {
						CreatedOnToolsVersion = 13.2.1;
					};
				};
			};
			buildConfigurationList = A56C77672774ED8700900E3E /* Build configuration list for PBXProject "swiftUI-weather-app-demo" */;
			compatibilityVersion = "Xcode 13.0";
			developmentRegion = en;
			hasScannedForEncodings = 0;
			knownRegions = (
				en,
				Base,
			);
			mainGroup = A56C77632774ED8700900E3E;
			productRefGroup = A56C776D2774ED8700900E3E /* Products */;
			projectDirPath = "";
			projectRoot = "";
			targets = (
				A56C776B2774ED8700900E3E /* swiftUI-weather-app-demo */,
			);
		};
/* End PBXProject section */

/* Begin PBXResourcesBuildPhase section */
		A56C776A2774ED8700900E3E /* Resources */ = {
			isa = PBXResourcesBuildPhase;
			buildActionMask = 2147483647;
			files = (
				A56D4657280C010200E6E4DC /* weather.json in Resources */,
				A56C77772774ED8A00900E3E /* Preview Assets.xcassets in Resources */,
				A56C77742774ED8A00900E3E /* Assets.xcassets in Resources */,
				A56C77812774EF2B00900E3E /* pilgi-regular.ttf in Resources */,
			);
			runOnlyForDeploymentPostprocessing = 0;
		};
/* End PBXResourcesBuildPhase section */

/* Begin PBXSourcesBuildPhase section */
		A56C77682774ED8700900E3E /* Sources */ = {
			isa = PBXSourcesBuildPhase;
			buildActionMask = 2147483647;
			files = (
				A56D464F280A915F00E6E4DC /* WeatherTableView.swift in Sources */,
				A56C77722774ED8700900E3E /* ContentView.swift in Sources */,
				A56D465A280C937000E6E4DC /* WeatherTableViewCell.swift in Sources */,
				A56D4655280C00AC00E6E4DC /* JSONLoader.swift in Sources */,
				A5E26D79278593FF00F8E8CE /* WeatherSummaryView.swift in Sources */,
				A56C77702774ED8700900E3E /* swiftUI_weather_app_demoApp.swift in Sources */,
				A56D4651280A928C00E6E4DC /* Weather.swift in Sources */,
			);
			runOnlyForDeploymentPostprocessing = 0;
		};
/* End PBXSourcesBuildPhase section */

/* Begin XCBuildConfiguration section */
		A56C77782774ED8A00900E3E /* Debug */ = {
			isa = XCBuildConfiguration;
			buildSettings = {
				ALWAYS_SEARCH_USER_PATHS = NO;
				CLANG_ANALYZER_NONNULL = YES;
				CLANG_ANALYZER_NUMBER_OBJECT_CONVERSION = YES_AGGRESSIVE;
				CLANG_CXX_LANGUAGE_STANDARD = "gnu++17";
				CLANG_CXX_LIBRARY = "libc++";
				CLANG_ENABLE_MODULES = YES;
				CLANG_ENABLE_OBJC_ARC = YES;
				CLANG_ENABLE_OBJC_WEAK = YES;
				CLANG_WARN_BLOCK_CAPTURE_AUTORELEASING = YES;
				CLANG_WARN_BOOL_CONVERSION = YES;
				CLANG_WARN_COMMA = YES;
				CLANG_WARN_CONSTANT_CONVERSION = YES;
				CLANG_WARN_DEPRECATED_OBJC_IMPLEMENTATIONS = YES;
				CLANG_WARN_DIRECT_OBJC_ISA_USAGE = YES_ERROR;
				CLANG_WARN_DOCUMENTATION_COMMENTS = YES;
				CLANG_WARN_EMPTY_BODY = YES;
				CLANG_WARN_ENUM_CONVERSION = YES;
				CLANG_WARN_INFINITE_RECURSION = YES;
				CLANG_WARN_INT_CONVERSION = YES;
				CLANG_WARN_NON_LITERAL_NULL_CONVERSION = YES;
				CLANG_WARN_OBJC_IMPLICIT_RETAIN_SELF = YES;
				CLANG_WARN_OBJC_LITERAL_CONVERSION = YES;
				CLANG_WARN_OBJC_ROOT_CLASS = YES_ERROR;
				CLANG_WARN_QUOTED_INCLUDE_IN_FRAMEWORK_HEADER = YES;
				CLANG_WARN_RANGE_LOOP_ANALYSIS = YES;
				CLANG_WARN_STRICT_PROTOTYPES = YES;
				CLANG_WARN_SUSPICIOUS_MOVE = YES;
				CLANG_WARN_UNGUARDED_AVAILABILITY = YES_AGGRESSIVE;
				CLANG_WARN_UNREACHABLE_CODE = YES;
				CLANG_WARN__DUPLICATE_METHOD_MATCH = YES;
				COPY_PHASE_STRIP = NO;
				DEBUG_INFORMATION_FORMAT = dwarf;
				ENABLE_STRICT_OBJC_MSGSEND = YES;
				ENABLE_TESTABILITY = YES;
				GCC_C_LANGUAGE_STANDARD = gnu11;
				GCC_DYNAMIC_NO_PIC = NO;
				GCC_NO_COMMON_BLOCKS = YES;
				GCC_OPTIMIZATION_LEVEL = 0;
				GCC_PREPROCESSOR_DEFINITIONS = (
					"DEBUG=1",
					"$(inherited)",
				);
				GCC_WARN_64_TO_32_BIT_CONVERSION = YES;
				GCC_WARN_ABOUT_RETURN_TYPE = YES_ERROR;
				GCC_WARN_UNDECLARED_SELECTOR = YES;
				GCC_WARN_UNINITIALIZED_AUTOS = YES_AGGRESSIVE;
				GCC_WARN_UNUSED_FUNCTION = YES;
				GCC_WARN_UNUSED_VARIABLE = YES;
				IPHONEOS_DEPLOYMENT_TARGET = 15.2;
				MTL_ENABLE_DEBUG_INFO = INCLUDE_SOURCE;
				MTL_FAST_MATH = YES;
				ONLY_ACTIVE_ARCH = YES;
				SDKROOT = iphoneos;
				SWIFT_ACTIVE_COMPILATION_CONDITIONS = DEBUG;
				SWIFT_OPTIMIZATION_LEVEL = "-Onone";
			};
			name = Debug;
		};
		A56C77792774ED8A00900E3E /* Release */ = {
			isa = XCBuildConfiguration;
			buildSettings = {
				ALWAYS_SEARCH_USER_PATHS = NO;
				CLANG_ANALYZER_NONNULL = YES;
				CLANG_ANALYZER_NUMBER_OBJECT_CONVERSION = YES_AGGRESSIVE;
				CLANG_CXX_LANGUAGE_STANDARD = "gnu++17";
				CLANG_CXX_LIBRARY = "libc++";
				CLANG_ENABLE_MODULES = YES;
				CLANG_ENABLE_OBJC_ARC = YES;
				CLANG_ENABLE_OBJC_WEAK = YES;
				CLANG_WARN_BLOCK_CAPTURE_AUTORELEASING = YES;
				CLANG_WARN_BOOL_CONVERSION = YES;
				CLANG_WARN_COMMA = YES;
				CLANG_WARN_CONSTANT_CONVERSION = YES;
				CLANG_WARN_DEPRECATED_OBJC_IMPLEMENTATIONS = YES;
				CLANG_WARN_DIRECT_OBJC_ISA_USAGE = YES_ERROR;
				CLANG_WARN_DOCUMENTATION_COMMENTS = YES;
				CLANG_WARN_EMPTY_BODY = YES;
				CLANG_WARN_ENUM_CONVERSION = YES;
				CLANG_WARN_INFINITE_RECURSION = YES;
				CLANG_WARN_INT_CONVERSION = YES;
				CLANG_WARN_NON_LITERAL_NULL_CONVERSION = YES;
				CLANG_WARN_OBJC_IMPLICIT_RETAIN_SELF = YES;
				CLANG_WARN_OBJC_LITERAL_CONVERSION = YES;
				CLANG_WARN_OBJC_ROOT_CLASS = YES_ERROR;
				CLANG_WARN_QUOTED_INCLUDE_IN_FRAMEWORK_HEADER = YES;
				CLANG_WARN_RANGE_LOOP_ANALYSIS = YES;
				CLANG_WARN_STRICT_PROTOTYPES = YES;
				CLANG_WARN_SUSPICIOUS_MOVE = YES;
				CLANG_WARN_UNGUARDED_AVAILABILITY = YES_AGGRESSIVE;
				CLANG_WARN_UNREACHABLE_CODE = YES;
				CLANG_WARN__DUPLICATE_METHOD_MATCH = YES;
				COPY_PHASE_STRIP = NO;
				DEBUG_INFORMATION_FORMAT = "dwarf-with-dsym";
				ENABLE_NS_ASSERTIONS = NO;
				ENABLE_STRICT_OBJC_MSGSEND = YES;
				GCC_C_LANGUAGE_STANDARD = gnu11;
				GCC_NO_COMMON_BLOCKS = YES;
				GCC_WARN_64_TO_32_BIT_CONVERSION = YES;
				GCC_WARN_ABOUT_RETURN_TYPE = YES_ERROR;
				GCC_WARN_UNDECLARED_SELECTOR = YES;
				GCC_WARN_UNINITIALIZED_AUTOS = YES_AGGRESSIVE;
				GCC_WARN_UNUSED_FUNCTION = YES;
				GCC_WARN_UNUSED_VARIABLE = YES;
				IPHONEOS_DEPLOYMENT_TARGET = 15.2;
				MTL_ENABLE_DEBUG_INFO = NO;
				MTL_FAST_MATH = YES;
				SDKROOT = iphoneos;
				SWIFT_COMPILATION_MODE = wholemodule;
				SWIFT_OPTIMIZATION_LEVEL = "-O";
				VALIDATE_PRODUCT = YES;
			};
			name = Release;
		};
		A56C777B2774ED8A00900E3E /* Debug */ = {
			isa = XCBuildConfiguration;
			buildSettings = {
				ASSETCATALOG_COMPILER_APPICON_NAME = AppIcon;
				ASSETCATALOG_COMPILER_GLOBAL_ACCENT_COLOR_NAME = AccentColor;
				CODE_SIGN_IDENTITY = "Apple Development";
				CODE_SIGN_STYLE = Automatic;
				CURRENT_PROJECT_VERSION = 1;
				DEVELOPMENT_ASSET_PATHS = "\"swiftUI-weather-app-demo/Preview Content\"";
				DEVELOPMENT_TEAM = 3TNAJJ5Z2T;
				ENABLE_PREVIEWS = YES;
				GENERATE_INFOPLIST_FILE = YES;
				INFOPLIST_FILE = "swiftUI-weather-app-demo/Supporting files/Info.plist";
				INFOPLIST_KEY_UIApplicationSceneManifest_Generation = YES;
				INFOPLIST_KEY_UIApplicationSupportsIndirectInputEvents = YES;
				INFOPLIST_KEY_UILaunchScreen_Generation = YES;
				INFOPLIST_KEY_UISupportedInterfaceOrientations_iPad = "UIInterfaceOrientationPortrait UIInterfaceOrientationPortraitUpsideDown UIInterfaceOrientationLandscapeLeft UIInterfaceOrientationLandscapeRight";
				INFOPLIST_KEY_UISupportedInterfaceOrientations_iPhone = "UIInterfaceOrientationPortrait UIInterfaceOrientationLandscapeLeft UIInterfaceOrientationLandscapeRight";
				LD_RUNPATH_SEARCH_PATHS = (
					"$(inherited)",
					"@executable_path/Frameworks",
				);
				MARKETING_VERSION = 1.0;
				PRODUCT_BUNDLE_IDENTIFIER = "watarumaeda.com.swiftUI-weather-app-demo";
				PRODUCT_NAME = "$(TARGET_NAME)";
				PROVISIONING_PROFILE_SPECIFIER = "";
				SWIFT_EMIT_LOC_STRINGS = YES;
				SWIFT_VERSION = 5.0;
				TARGETED_DEVICE_FAMILY = "1,2";
			};
			name = Debug;
		};
		A56C777C2774ED8A00900E3E /* Release */ = {
			isa = XCBuildConfiguration;
			buildSettings = {
				ASSETCATALOG_COMPILER_APPICON_NAME = AppIcon;
				ASSETCATALOG_COMPILER_GLOBAL_ACCENT_COLOR_NAME = AccentColor;
				CODE_SIGN_STYLE = Automatic;
				CURRENT_PROJECT_VERSION = 1;
				DEVELOPMENT_ASSET_PATHS = "\"swiftUI-weather-app-demo/Preview Content\"";
				DEVELOPMENT_TEAM = 3TNAJJ5Z2T;
				ENABLE_PREVIEWS = YES;
				GENERATE_INFOPLIST_FILE = YES;
				INFOPLIST_FILE = "swiftUI-weather-app-demo/Supporting files/Info.plist";
				INFOPLIST_KEY_UIApplicationSceneManifest_Generation = YES;
				INFOPLIST_KEY_UIApplicationSupportsIndirectInputEvents = YES;
				INFOPLIST_KEY_UILaunchScreen_Generation = YES;
				INFOPLIST_KEY_UISupportedInterfaceOrientations_iPad = "UIInterfaceOrientationPortrait UIInterfaceOrientationPortraitUpsideDown UIInterfaceOrientationLandscapeLeft UIInterfaceOrientationLandscapeRight";
				INFOPLIST_KEY_UISupportedInterfaceOrientations_iPhone = "UIInterfaceOrientationPortrait UIInterfaceOrientationLandscapeLeft UIInterfaceOrientationLandscapeRight";
				LD_RUNPATH_SEARCH_PATHS = (
					"$(inherited)",
					"@executable_path/Frameworks",
				);
				MARKETING_VERSION = 1.0;
				PRODUCT_BUNDLE_IDENTIFIER = "watarumaeda.com.swiftUI-weather-app-demo";
				PRODUCT_NAME = "$(TARGET_NAME)";
				SWIFT_EMIT_LOC_STRINGS = YES;
				SWIFT_VERSION = 5.0;
				TARGETED_DEVICE_FAMILY = "1,2";
			};
			name = Release;
		};
/* End XCBuildConfiguration section */

/* Begin XCConfigurationList section */
		A56C77672774ED8700900E3E /* Build configuration list for PBXProject "swiftUI-weather-app-demo" */ = {
			isa = XCConfigurationList;
			buildConfigurations = (
				A56C77782774ED8A00900E3E /* Debug */,
				A56C77792774ED8A00900E3E /* Release */,
			);
			defaultConfigurationIsVisible = 0;
			defaultConfigurationName = Release;
		};
		A56C777A2774ED8A00900E3E /* Build configuration list for PBXNativeTarget "swiftUI-weather-app-demo" */ = {
			isa = XCConfigurationList;
			buildConfigurations = (
				A56C777B2774ED8A00900E3E /* Debug */,
				A56C777C2774ED8A00900E3E /* Release */,
			);
			defaultConfigurationIsVisible = 0;
			defaultConfigurationName = Release;
		};
/* End XCConfigurationList section */
	};
	rootObject = A56C77642774ED8700900E3E /* Project object */;
}
